
Microsoft Visual Studio Solution File, Format Version 12.00
# Visual Studio Version 17
VisualStudioVersion = 17.6.33801.468
MinimumVisualStudioVersion = 10.0.40219.1
Project("{FAE04EC0-301F-11D3-BF4B-00C04F79EFBC}") = "Algorithmic", "Algorithmic\Algorithmic.csproj", "{D766DFF6-1579-4810-9EC1-946DE12BEBF4}"
EndProject
Global
	GlobalSection(SolutionConfigurationPlatforms) = preSolution
		Debug|Any CPU = Debug|Any CPU
		Release|Any CPU = Release|Any CPU
	EndGlobalSection
	GlobalSection(ProjectConfigurationPlatforms) = postSolution
		{D766DFF6-1579-4810-9EC1-946DE12BEBF4}.Debug|Any CPU.ActiveCfg = Debug|Any CPU
		{D766DFF6-1579-4810-9EC1-946DE12BEBF4}.Debug|Any CPU.Build.0 = Debug|Any CPU
		{D766DFF6-1579-4810-9EC1-946DE12BEBF4}.Release|Any CPU.ActiveCfg = Release|Any CPU
		{D766DFF6-1579-4810-9EC1-946DE12BEBF4}.Release|Any CPU.Build.0 = Release|Any CPU
	EndGlobalSection
	GlobalSection(SolutionProperties) = preSolution
		HideSolutionNode = FALSE
	EndGlobalSection
	GlobalSection(ExtensibilityGlobals) = postSolution
		SolutionGuid = {7F81BCD1-750E-4364-8A22-5F44EF0D9754}
	EndGlobalSection
EndGlobal
